
Microsoft Visual Studio Solution File, Format Version 12.00
# Visual Studio 15
VisualStudioVersion = 15.0.27428.2037
MinimumVisualStudioVersion = 10.0.40219.1
Project("{FAE04EC0-301F-11D3-BF4B-00C04F79EFBC}") = "MandatoryAssignment", "MandatoryAssignment\MandatoryAssignment.csproj", "{A1D2E00F-D616-4488-87B9-C96E739EFABD}"
EndProject
Project("{FAE04EC0-301F-11D3-BF4B-00C04F79EFBC}") = "UnitTestProject1", "UnitTestProject1\UnitTestProject1.csproj", "{A8D32AC2-79CD-4A30-B82B-C3B077025432}"
EndProject
Global
	GlobalSection(SolutionConfigurationPlatforms) = preSolution
		Debug|Any CPU = Debug|Any CPU
		Release|Any CPU = Release|Any CPU
	EndGlobalSection
	GlobalSection(ProjectConfigurationPlatforms) = postSolution
		{A1D2E00F-D616-4488-87B9-C96E739EFABD}.Debug|Any CPU.ActiveCfg = Debug|Any CPU
		{A1D2E00F-D616-4488-87B9-C96E739EFABD}.Debug|Any CPU.Build.0 = Debug|Any CPU
		{A1D2E00F-D616-4488-87B9-C96E739EFABD}.Release|Any CPU.ActiveCfg = Release|Any CPU
		{A1D2E00F-D616-4488-87B9-C96E739EFABD}.Release|Any CPU.Build.0 = Release|Any CPU
		{A8D32AC2-79CD-4A30-B82B-C3B077025432}.Debug|Any CPU.ActiveCfg = Debug|Any CPU
		{A8D32AC2-79CD-4A30-B82B-C3B077025432}.Debug|Any CPU.Build.0 = Debug|Any CPU
		{A8D32AC2-79CD-4A30-B82B-C3B077025432}.Release|Any CPU.ActiveCfg = Release|Any CPU
		{A8D32AC2-79CD-4A30-B82B-C3B077025432}.Release|Any CPU.Build.0 = Release|Any CPU
	EndGlobalSection
	GlobalSection(SolutionProperties) = preSolution
		HideSolutionNode = FALSE
	EndGlobalSection
	GlobalSection(ExtensibilityGlobals) = postSolution
		SolutionGuid = {B6928E7D-E182-4F13-9F23-8CDBB2052DFD}
	EndGlobalSection
EndGlobal
